// !$*UTF8*$!
{
	archiveVersion = 1;
	classes = {
	};
	objectVersion = 50;
	objects = {

/* Begin PBXBuildFile section */
		1A29BB1725445EAD0065C95B /* SourceryTestApp.swift in Sources */ = {isa = PBXBuildFile; fileRef = 1A29BB1625445EAD0065C95B /* SourceryTestApp.swift */; };
		1A29BB1925445EAD0065C95B /* ContentView.swift in Sources */ = {isa = PBXBuildFile; fileRef = 1A29BB1825445EAD0065C95B /* ContentView.swift */; };
		1A29BB1B25445EAE0065C95B /* Assets.xcassets in Resources */ = {isa = PBXBuildFile; fileRef = 1A29BB1A25445EAE0065C95B /* Assets.xcassets */; };
		1A29BB1E25445EAE0065C95B /* Preview Assets.xcassets in Resources */ = {isa = PBXBuildFile; fileRef = 1A29BB1D25445EAE0065C95B /* Preview Assets.xcassets */; };
		1A29BB2925445EAE0065C95B /* SourceryTestTests.swift in Sources */ = {isa = PBXBuildFile; fileRef = 1A29BB2825445EAE0065C95B /* SourceryTestTests.swift */; };
		1A29BB3425445EAF0065C95B /* SourceryTestUITests.swift in Sources */ = {isa = PBXBuildFile; fileRef = 1A29BB3325445EAF0065C95B /* SourceryTestUITests.swift */; };
		1A29BB5E254468D00065C95B /* CaseIterable.generated.swift in Sources */ = {isa = PBXBuildFile; fileRef = 1A29BB5D254468D00065C95B /* CaseIterable.generated.swift */; };
		1A29BB6325446A0E0065C95B /* Direction.swift in Sources */ = {isa = PBXBuildFile; fileRef = 1A29BB6225446A0E0065C95B /* Direction.swift */; };
		1A29BB82254A187C0065C95B /* AutoCodable.swifttemplate in Resources */ = {isa = PBXBuildFile; fileRef = 1A29BB81254A187C0065C95B /* AutoCodable.swifttemplate */; };
		1A29BB8A254A1A470065C95B /* AutoCodable.generated.swift in Sources */ = {isa = PBXBuildFile; fileRef = 1A29BB89254A1A470065C95B /* AutoCodable.generated.swift */; };
/* End PBXBuildFile section */

/* Begin PBXContainerItemProxy section */
		1A29BB2525445EAE0065C95B /* PBXContainerItemProxy */ = {
			isa = PBXContainerItemProxy;
			containerPortal = 1A29BB0B25445EAD0065C95B /* Project object */;
			proxyType = 1;
			remoteGlobalIDString = 1A29BB1225445EAD0065C95B;
			remoteInfo = SourceryTest;
		};
		1A29BB3025445EAF0065C95B /* PBXContainerItemProxy */ = {
			isa = PBXContainerItemProxy;
			containerPortal = 1A29BB0B25445EAD0065C95B /* Project object */;
			proxyType = 1;
			remoteGlobalIDString = 1A29BB1225445EAD0065C95B;
			remoteInfo = SourceryTest;
		};
/* End PBXContainerItemProxy section */

/* Begin PBXFileReference section */
		1A29BB1325445EAD0065C95B /* SourceryTest.app */ = {isa = PBXFileReference; explicitFileType = wrapper.application; includeInIndex = 0; path = SourceryTest.app; sourceTree = BUILT_PRODUCTS_DIR; };
		1A29BB1625445EAD0065C95B /* SourceryTestApp.swift */ = {isa = PBXFileReference; lastKnownFileType = sourcecode.swift; path = SourceryTestApp.swift; sourceTree = "<group>"; };
		1A29BB1825445EAD0065C95B /* ContentView.swift */ = {isa = PBXFileReference; lastKnownFileType = sourcecode.swift; path = ContentView.swift; sourceTree = "<group>"; };
		1A29BB1A25445EAE0065C95B /* Assets.xcassets */ = {isa = PBXFileReference; lastKnownFileType = folder.assetcatalog; path = Assets.xcassets; sourceTree = "<group>"; };
		1A29BB1D25445EAE0065C95B /* Preview Assets.xcassets */ = {isa = PBXFileReference; lastKnownFileType = folder.assetcatalog; path = "Preview Assets.xcassets"; sourceTree = "<group>"; };
		1A29BB1F25445EAE0065C95B /* Info.plist */ = {isa = PBXFileReference; lastKnownFileType = text.plist.xml; path = Info.plist; sourceTree = "<group>"; };
		1A29BB2425445EAE0065C95B /* SourceryTestTests.xctest */ = {isa = PBXFileReference; explicitFileType = wrapper.cfbundle; includeInIndex = 0; path = SourceryTestTests.xctest; sourceTree = BUILT_PRODUCTS_DIR; };
		1A29BB2825445EAE0065C95B /* SourceryTestTests.swift */ = {isa = PBXFileReference; lastKnownFileType = sourcecode.swift; path = SourceryTestTests.swift; sourceTree = "<group>"; };
		1A29BB2A25445EAE0065C95B /* Info.plist */ = {isa = PBXFileReference; lastKnownFileType = text.plist.xml; path = Info.plist; sourceTree = "<group>"; };
		1A29BB2F25445EAF0065C95B /* SourceryTestUITests.xctest */ = {isa = PBXFileReference; explicitFileType = wrapper.cfbundle; includeInIndex = 0; path = SourceryTestUITests.xctest; sourceTree = BUILT_PRODUCTS_DIR; };
		1A29BB3325445EAF0065C95B /* SourceryTestUITests.swift */ = {isa = PBXFileReference; lastKnownFileType = sourcecode.swift; path = SourceryTestUITests.swift; sourceTree = "<group>"; };
		1A29BB3525445EAF0065C95B /* Info.plist */ = {isa = PBXFileReference; lastKnownFileType = text.plist.xml; path = Info.plist; sourceTree = "<group>"; };
		1A29BB44254466930065C95B /* .sourcery.yml */ = {isa = PBXFileReference; lastKnownFileType = text.yaml; path = .sourcery.yml; sourceTree = "<group>"; };
		1A29BB50254467650065C95B /* CaseIterable.stencil */ = {isa = PBXFileReference; lastKnownFileType = text; path = CaseIterable.stencil; sourceTree = "<group>"; };
		1A29BB5D254468D00065C95B /* CaseIterable.generated.swift */ = {isa = PBXFileReference; fileEncoding = 4; lastKnownFileType = sourcecode.swift; path = CaseIterable.generated.swift; sourceTree = "<group>"; };
		1A29BB6225446A0E0065C95B /* Direction.swift */ = {isa = PBXFileReference; lastKnownFileType = sourcecode.swift; path = Direction.swift; sourceTree = "<group>"; };
		1A29BB81254A187C0065C95B /* AutoCodable.swifttemplate */ = {isa = PBXFileReference; fileEncoding = 4; lastKnownFileType = text; path = AutoCodable.swifttemplate; sourceTree = "<group>"; };
		1A29BB89254A1A470065C95B /* AutoCodable.generated.swift */ = {isa = PBXFileReference; fileEncoding = 4; lastKnownFileType = sourcecode.swift; path = AutoCodable.generated.swift; sourceTree = "<group>"; };
/* End PBXFileReference section */

/* Begin PBXFrameworksBuildPhase section */
		1A29BB1025445EAD0065C95B /* Frameworks */ = {
			isa = PBXFrameworksBuildPhase;
			buildActionMask = 2147483647;
			files = (
			);
			runOnlyForDeploymentPostprocessing = 0;
		};
		1A29BB2125445EAE0065C95B /* Frameworks */ = {
			isa = PBXFrameworksBuildPhase;
			buildActionMask = 2147483647;
			files = (
			);
			runOnlyForDeploymentPostprocessing = 0;
		};
		1A29BB2C25445EAF0065C95B /* Frameworks */ = {
			isa = PBXFrameworksBuildPhase;
			buildActionMask = 2147483647;
			files = (
			);
			runOnlyForDeploymentPostprocessing = 0;
		};
/* End PBXFrameworksBuildPhase section */

/* Begin PBXGroup section */
		1A29BB0A25445EAD0065C95B = {
			isa = PBXGroup;
			children = (
				1A29BB44254466930065C95B /* .sourcery.yml */,
				1A29BB4C254466B20065C95B /* Templates */,
				1A29BB1525445EAD0065C95B /* SourceryTest */,
				1A29BB2725445EAE0065C95B /* SourceryTestTests */,
				1A29BB3225445EAF0065C95B /* SourceryTestUITests */,
				1A29BB1425445EAD0065C95B /* Products */,
			);
			sourceTree = "<group>";
		};
		1A29BB1425445EAD0065C95B /* Products */ = {
			isa = PBXGroup;
			children = (
				1A29BB1325445EAD0065C95B /* SourceryTest.app */,
				1A29BB2425445EAE0065C95B /* SourceryTestTests.xctest */,
				1A29BB2F25445EAF0065C95B /* SourceryTestUITests.xctest */,
			);
			name = Products;
			sourceTree = "<group>";
		};
		1A29BB1525445EAD0065C95B /* SourceryTest */ = {
			isa = PBXGroup;
			children = (
				1A29BB5C254468D00065C95B /* Generated */,
				1A29BB1625445EAD0065C95B /* SourceryTestApp.swift */,
				1A29BB1825445EAD0065C95B /* ContentView.swift */,
				1A29BB6225446A0E0065C95B /* Direction.swift */,
				1A29BB1A25445EAE0065C95B /* Assets.xcassets */,
				1A29BB1F25445EAE0065C95B /* Info.plist */,
				1A29BB1C25445EAE0065C95B /* Preview Content */,
			);
			path = SourceryTest;
			sourceTree = "<group>";
		};
		1A29BB1C25445EAE0065C95B /* Preview Content */ = {
			isa = PBXGroup;
			children = (
				1A29BB1D25445EAE0065C95B /* Preview Assets.xcassets */,
			);
			path = "Preview Content";
			sourceTree = "<group>";
		};
		1A29BB2725445EAE0065C95B /* SourceryTestTests */ = {
			isa = PBXGroup;
			children = (
				1A29BB2825445EAE0065C95B /* SourceryTestTests.swift */,
				1A29BB2A25445EAE0065C95B /* Info.plist */,
			);
			path = SourceryTestTests;
			sourceTree = "<group>";
		};
		1A29BB3225445EAF0065C95B /* SourceryTestUITests */ = {
			isa = PBXGroup;
			children = (
				1A29BB3325445EAF0065C95B /* SourceryTestUITests.swift */,
				1A29BB3525445EAF0065C95B /* Info.plist */,
			);
			path = SourceryTestUITests;
			sourceTree = "<group>";
		};
		1A29BB4C254466B20065C95B /* Templates */ = {
			isa = PBXGroup;
			children = (
				1A29BB50254467650065C95B /* CaseIterable.stencil */,
				1A29BB81254A187C0065C95B /* AutoCodable.swifttemplate */,
			);
			path = Templates;
			sourceTree = "<group>";
		};
		1A29BB5C254468D00065C95B /* Generated */ = {
			isa = PBXGroup;
			children = (
				1A29BB89254A1A470065C95B /* AutoCodable.generated.swift */,
				1A29BB5D254468D00065C95B /* CaseIterable.generated.swift */,
			);
			path = Generated;
			sourceTree = "<group>";
		};
/* End PBXGroup section */

/* Begin PBXNativeTarget section */
		1A29BB1225445EAD0065C95B /* SourceryTest */ = {
			isa = PBXNativeTarget;
			buildConfigurationList = 1A29BB3825445EAF0065C95B /* Build configuration list for PBXNativeTarget "SourceryTest" */;
			buildPhases = (
				1A29BB0F25445EAD0065C95B /* Sources */,
				1A29BB1025445EAD0065C95B /* Frameworks */,
				1A29BB1125445EAD0065C95B /* Resources */,
			);
			buildRules = (
			);
			dependencies = (
			);
			name = SourceryTest;
			productName = SourceryTest;
			productReference = 1A29BB1325445EAD0065C95B /* SourceryTest.app */;
			productType = "com.apple.product-type.application";
		};
		1A29BB2325445EAE0065C95B /* SourceryTestTests */ = {
			isa = PBXNativeTarget;
			buildConfigurationList = 1A29BB3B25445EAF0065C95B /* Build configuration list for PBXNativeTarget "SourceryTestTests" */;
			buildPhases = (
				1A29BB2025445EAE0065C95B /* Sources */,
				1A29BB2125445EAE0065C95B /* Frameworks */,
				1A29BB2225445EAE0065C95B /* Resources */,
			);
			buildRules = (
			);
			dependencies = (
				1A29BB2625445EAE0065C95B /* PBXTargetDependency */,
			);
			name = SourceryTestTests;
			productName = SourceryTestTests;
			productReference = 1A29BB2425445EAE0065C95B /* SourceryTestTests.xctest */;
			productType = "com.apple.product-type.bundle.unit-test";
		};
		1A29BB2E25445EAF0065C95B /* SourceryTestUITests */ = {
			isa = PBXNativeTarget;
			buildConfigurationList = 1A29BB3E25445EAF0065C95B /* Build configuration list for PBXNativeTarget "SourceryTestUITests" */;
			buildPhases = (
				1A29BB2B25445EAF0065C95B /* Sources */,
				1A29BB2C25445EAF0065C95B /* Frameworks */,
				1A29BB2D25445EAF0065C95B /* Resources */,
			);
			buildRules = (
			);
			dependencies = (
				1A29BB3125445EAF0065C95B /* PBXTargetDependency */,
			);
			name = SourceryTestUITests;
			productName = SourceryTestUITests;
			productReference = 1A29BB2F25445EAF0065C95B /* SourceryTestUITests.xctest */;
			productType = "com.apple.product-type.bundle.ui-testing";
		};
/* End PBXNativeTarget section */

/* Begin PBXProject section */
		1A29BB0B25445EAD0065C95B /* Project object */ = {
			isa = PBXProject;
			attributes = {
				LastSwiftUpdateCheck = 1210;
				LastUpgradeCheck = 1210;
				TargetAttributes = {
					1A29BB1225445EAD0065C95B = {
						CreatedOnToolsVersion = 12.1;
					};
					1A29BB2325445EAE0065C95B = {
						CreatedOnToolsVersion = 12.1;
						TestTargetID = 1A29BB1225445EAD0065C95B;
					};
					1A29BB2E25445EAF0065C95B = {
						CreatedOnToolsVersion = 12.1;
						TestTargetID = 1A29BB1225445EAD0065C95B;
					};
				};
			};
			buildConfigurationList = 1A29BB0E25445EAD0065C95B /* Build configuration list for PBXProject "SourceryTest" */;
			compatibilityVersion = "Xcode 9.3";
			developmentRegion = en;
			hasScannedForEncodings = 0;
			knownRegions = (
				en,
				Base,
			);
			mainGroup = 1A29BB0A25445EAD0065C95B;
			productRefGroup = 1A29BB1425445EAD0065C95B /* Products */;
			projectDirPath = "";
			projectRoot = "";
			targets = (
				1A29BB1225445EAD0065C95B /* SourceryTest */,
				1A29BB2325445EAE0065C95B /* SourceryTestTests */,
				1A29BB2E25445EAF0065C95B /* SourceryTestUITests */,
			);
		};
/* End PBXProject section */

/* Begin PBXResourcesBuildPhase section */
		1A29BB1125445EAD0065C95B /* Resources */ = {
			isa = PBXResourcesBuildPhase;
			buildActionMask = 2147483647;
			files = (
				1A29BB1E25445EAE0065C95B /* Preview Assets.xcassets in Resources */,
				1A29BB1B25445EAE0065C95B /* Assets.xcassets in Resources */,
				1A29BB82254A187C0065C95B /* AutoCodable.swifttemplate in Resources */,
			);
			runOnlyForDeploymentPostprocessing = 0;
		};
		1A29BB2225445EAE0065C95B /* Resources */ = {
			isa = PBXResourcesBuildPhase;
			buildActionMask = 2147483647;
			files = (
			);
			runOnlyForDeploymentPostprocessing = 0;
		};
		1A29BB2D25445EAF0065C95B /* Resources */ = {
			isa = PBXResourcesBuildPhase;
			buildActionMask = 2147483647;
			files = (
			);
			runOnlyForDeploymentPostprocessing = 0;
		};
/* End PBXResourcesBuildPhase section */

/* Begin PBXSourcesBuildPhase section */
		1A29BB0F25445EAD0065C95B /* Sources */ = {
			isa = PBXSourcesBuildPhase;
			buildActionMask = 2147483647;
			files = (
				1A29BB1925445EAD0065C95B /* ContentView.swift in Sources */,
				1A29BB1725445EAD0065C95B /* SourceryTestApp.swift in Sources */,
				1A29BB5E254468D00065C95B /* CaseIterable.generated.swift in Sources */,
				1A29BB8A254A1A470065C95B /* AutoCodable.generated.swift in Sources */,
				1A29BB6325446A0E0065C95B /* Direction.swift in Sources */,
			);
			runOnlyForDeploymentPostprocessing = 0;
		};
		1A29BB2025445EAE0065C95B /* Sources */ = {
			isa = PBXSourcesBuildPhase;
			buildActionMask = 2147483647;
			files = (
				1A29BB2925445EAE0065C95B /* SourceryTestTests.swift in Sources */,
			);
			runOnlyForDeploymentPostprocessing = 0;
		};
		1A29BB2B25445EAF0065C95B /* Sources */ = {
			isa = PBXSourcesBuildPhase;
			buildActionMask = 2147483647;
			files = (
				1A29BB3425445EAF0065C95B /* SourceryTestUITests.swift in Sources */,
			);
			runOnlyForDeploymentPostprocessing = 0;
		};
/* End PBXSourcesBuildPhase section */

/* Begin PBXTargetDependency section */
		1A29BB2625445EAE0065C95B /* PBXTargetDependency */ = {
			isa = PBXTargetDependency;
			target = 1A29BB1225445EAD0065C95B /* SourceryTest */;
			targetProxy = 1A29BB2525445EAE0065C95B /* PBXContainerItemProxy */;
		};
		1A29BB3125445EAF0065C95B /* PBXTargetDependency */ = {
			isa = PBXTargetDependency;
			target = 1A29BB1225445EAD0065C95B /* SourceryTest */;
			targetProxy = 1A29BB3025445EAF0065C95B /* PBXContainerItemProxy */;
		};
/* End PBXTargetDependency section */

/* Begin XCBuildConfiguration section */
		1A29BB3625445EAF0065C95B /* Debug */ = {
			isa = XCBuildConfiguration;
			buildSettings = {
				ALWAYS_SEARCH_USER_PATHS = NO;
				CLANG_ANALYZER_NONNULL = YES;
				CLANG_ANALYZER_NUMBER_OBJECT_CONVERSION = YES_AGGRESSIVE;
				CLANG_CXX_LANGUAGE_STANDARD = "gnu++14";
				CLANG_CXX_LIBRARY = "libc++";
				CLANG_ENABLE_MODULES = YES;
				CLANG_ENABLE_OBJC_ARC = YES;
				CLANG_ENABLE_OBJC_WEAK = YES;
				CLANG_WARN_BLOCK_CAPTURE_AUTORELEASING = YES;
				CLANG_WARN_BOOL_CONVERSION = YES;
				CLANG_WARN_COMMA = YES;
				CLANG_WARN_CONSTANT_CONVERSION = YES;
				CLANG_WARN_DEPRECATED_OBJC_IMPLEMENTATIONS = YES;
				CLANG_WARN_DIRECT_OBJC_ISA_USAGE = YES_ERROR;
				CLANG_WARN_DOCUMENTATION_COMMENTS = YES;
				CLANG_WARN_EMPTY_BODY = YES;
				CLANG_WARN_ENUM_CONVERSION = YES;
				CLANG_WARN_INFINITE_RECURSION = YES;
				CLANG_WARN_INT_CONVERSION = YES;
				CLANG_WARN_NON_LITERAL_NULL_CONVERSION = YES;
				CLANG_WARN_OBJC_IMPLICIT_RETAIN_SELF = YES;
				CLANG_WARN_OBJC_LITERAL_CONVERSION = YES;
				CLANG_WARN_OBJC_ROOT_CLASS = YES_ERROR;
				CLANG_WARN_QUOTED_INCLUDE_IN_FRAMEWORK_HEADER = YES;
				CLANG_WARN_RANGE_LOOP_ANALYSIS = YES;
				CLANG_WARN_STRICT_PROTOTYPES = YES;
				CLANG_WARN_SUSPICIOUS_MOVE = YES;
				CLANG_WARN_UNGUARDED_AVAILABILITY = YES_AGGRESSIVE;
				CLANG_WARN_UNREACHABLE_CODE = YES;
				CLANG_WARN__DUPLICATE_METHOD_MATCH = YES;
				COPY_PHASE_STRIP = NO;
				DEBUG_INFORMATION_FORMAT = dwarf;
				ENABLE_STRICT_OBJC_MSGSEND = YES;
				ENABLE_TESTABILITY = YES;
				GCC_C_LANGUAGE_STANDARD = gnu11;
				GCC_DYNAMIC_NO_PIC = NO;
				GCC_NO_COMMON_BLOCKS = YES;
				GCC_OPTIMIZATION_LEVEL = 0;
				GCC_PREPROCESSOR_DEFINITIONS = (
					"DEBUG=1",
					"$(inherited)",
				);
				GCC_WARN_64_TO_32_BIT_CONVERSION = YES;
				GCC_WARN_ABOUT_RETURN_TYPE = YES_ERROR;
				GCC_WARN_UNDECLARED_SELECTOR = YES;
				GCC_WARN_UNINITIALIZED_AUTOS = YES_AGGRESSIVE;
				GCC_WARN_UNUSED_FUNCTION = YES;
				GCC_WARN_UNUSED_VARIABLE = YES;
				IPHONEOS_DEPLOYMENT_TARGET = 14.1;
				MTL_ENABLE_DEBUG_INFO = INCLUDE_SOURCE;
				MTL_FAST_MATH = YES;
				ONLY_ACTIVE_ARCH = YES;
				SDKROOT = iphoneos;
				SWIFT_ACTIVE_COMPILATION_CONDITIONS = DEBUG;
				SWIFT_OPTIMIZATION_LEVEL = "-Onone";
			};
			name = Debug;
		};
		1A29BB3725445EAF0065C95B /* Release */ = {
			isa = XCBuildConfiguration;
			buildSettings = {
				ALWAYS_SEARCH_USER_PATHS = NO;
				CLANG_ANALYZER_NONNULL = YES;
				CLANG_ANALYZER_NUMBER_OBJECT_CONVERSION = YES_AGGRESSIVE;
				CLANG_CXX_LANGUAGE_STANDARD = "gnu++14";
				CLANG_CXX_LIBRARY = "libc++";
				CLANG_ENABLE_MODULES = YES;
				CLANG_ENABLE_OBJC_ARC = YES;
				CLANG_ENABLE_OBJC_WEAK = YES;
				CLANG_WARN_BLOCK_CAPTURE_AUTORELEASING = YES;
				CLANG_WARN_BOOL_CONVERSION = YES;
				CLANG_WARN_COMMA = YES;
				CLANG_WARN_CONSTANT_CONVERSION = YES;
				CLANG_WARN_DEPRECATED_OBJC_IMPLEMENTATIONS = YES;
				CLANG_WARN_DIRECT_OBJC_ISA_USAGE = YES_ERROR;
				CLANG_WARN_DOCUMENTATION_COMMENTS = YES;
				CLANG_WARN_EMPTY_BODY = YES;
				CLANG_WARN_ENUM_CONVERSION = YES;
				CLANG_WARN_INFINITE_RECURSION = YES;
				CLANG_WARN_INT_CONVERSION = YES;
				CLANG_WARN_NON_LITERAL_NULL_CONVERSION = YES;
				CLANG_WARN_OBJC_IMPLICIT_RETAIN_SELF = YES;
				CLANG_WARN_OBJC_LITERAL_CONVERSION = YES;
				CLANG_WARN_OBJC_ROOT_CLASS = YES_ERROR;
				CLANG_WARN_QUOTED_INCLUDE_IN_FRAMEWORK_HEADER = YES;
				CLANG_WARN_RANGE_LOOP_ANALYSIS = YES;
				CLANG_WARN_STRICT_PROTOTYPES = YES;
				CLANG_WARN_SUSPICIOUS_MOVE = YES;
				CLANG_WARN_UNGUARDED_AVAILABILITY = YES_AGGRESSIVE;
				CLANG_WARN_UNREACHABLE_CODE = YES;
				CLANG_WARN__DUPLICATE_METHOD_MATCH = YES;
				COPY_PHASE_STRIP = NO;
				DEBUG_INFORMATION_FORMAT = "dwarf-with-dsym";
				ENABLE_NS_ASSERTIONS = NO;
				ENABLE_STRICT_OBJC_MSGSEND = YES;
				GCC_C_LANGUAGE_STANDARD = gnu11;
				GCC_NO_COMMON_BLOCKS = YES;
				GCC_WARN_64_TO_32_BIT_CONVERSION = YES;
				GCC_WARN_ABOUT_RETURN_TYPE = YES_ERROR;
				GCC_WARN_UNDECLARED_SELECTOR = YES;
				GCC_WARN_UNINITIALIZED_AUTOS = YES_AGGRESSIVE;
				GCC_WARN_UNUSED_FUNCTION = YES;
				GCC_WARN_UNUSED_VARIABLE = YES;
				IPHONEOS_DEPLOYMENT_TARGET = 14.1;
				MTL_ENABLE_DEBUG_INFO = NO;
				MTL_FAST_MATH = YES;
				SDKROOT = iphoneos;
				SWIFT_COMPILATION_MODE = wholemodule;
				SWIFT_OPTIMIZATION_LEVEL = "-O";
				VALIDATE_PRODUCT = YES;
			};
			name = Release;
		};
		1A29BB3925445EAF0065C95B /* Debug */ = {
			isa = XCBuildConfiguration;
			buildSettings = {
				ASSETCATALOG_COMPILER_APPICON_NAME = AppIcon;
				ASSETCATALOG_COMPILER_GLOBAL_ACCENT_COLOR_NAME = AccentColor;
				CODE_SIGN_STYLE = Automatic;
				DEVELOPMENT_ASSET_PATHS = "\"SourceryTest/Preview Content\"";
				DEVELOPMENT_TEAM = VKFDYMU9HJ;
				ENABLE_PREVIEWS = YES;
				INFOPLIST_FILE = SourceryTest/Info.plist;
				IPHONEOS_DEPLOYMENT_TARGET = 14.0;
				LD_RUNPATH_SEARCH_PATHS = (
					"$(inherited)",
					"@executable_path/Frameworks",
				);
				PRODUCT_BUNDLE_IDENTIFIER = James.SourceryTest;
				PRODUCT_NAME = "$(TARGET_NAME)";
				SWIFT_VERSION = 5.0;
				TARGETED_DEVICE_FAMILY = "1,2";
			};
			name = Debug;
		};
		1A29BB3A25445EAF0065C95B /* Release */ = {
			isa = XCBuildConfiguration;
			buildSettings = {
				ASSETCATALOG_COMPILER_APPICON_NAME = AppIcon;
				ASSETCATALOG_COMPILER_GLOBAL_ACCENT_COLOR_NAME = AccentColor;
				CODE_SIGN_STYLE = Automatic;
				DEVELOPMENT_ASSET_PATHS = "\"SourceryTest/Preview Content\"";
				DEVELOPMENT_TEAM = VKFDYMU9HJ;
				ENABLE_PREVIEWS = YES;
				INFOPLIST_FILE = SourceryTest/Info.plist;
				IPHONEOS_DEPLOYMENT_TARGET = 14.0;
				LD_RUNPATH_SEARCH_PATHS = (
					"$(inherited)",
					"@executable_path/Frameworks",
				);
				PRODUCT_BUNDLE_IDENTIFIER = James.SourceryTest;
				PRODUCT_NAME = "$(TARGET_NAME)";
				SWIFT_VERSION = 5.0;
				TARGETED_DEVICE_FAMILY = "1,2";
			};
			name = Release;
		};
		1A29BB3C25445EAF0065C95B /* Debug */ = {
			isa = XCBuildConfiguration;
			buildSettings = {
				ALWAYS_EMBED_SWIFT_STANDARD_LIBRARIES = YES;
				BUNDLE_LOADER = "$(TEST_HOST)";
				CODE_SIGN_STYLE = Automatic;
				DEVELOPMENT_TEAM = VKFDYMU9HJ;
				INFOPLIST_FILE = SourceryTestTests/Info.plist;
				IPHONEOS_DEPLOYMENT_TARGET = 14.0;
				LD_RUNPATH_SEARCH_PATHS = (
					"$(inherited)",
					"@executable_path/Frameworks",
					"@loader_path/Frameworks",
				);
				PRODUCT_BUNDLE_IDENTIFIER = James.SourceryTestTests;
				PRODUCT_NAME = "$(TARGET_NAME)";
				SWIFT_VERSION = 5.0;
				TARGETED_DEVICE_FAMILY = "1,2";
				TEST_HOST = "$(BUILT_PRODUCTS_DIR)/SourceryTest.app/SourceryTest";
			};
			name = Debug;
		};
		1A29BB3D25445EAF0065C95B /* Release */ = {
			isa = XCBuildConfiguration;
			buildSettings = {
				ALWAYS_EMBED_SWIFT_STANDARD_LIBRARIES = YES;
				BUNDLE_LOADER = "$(TEST_HOST)";
				CODE_SIGN_STYLE = Automatic;
				DEVELOPMENT_TEAM = VKFDYMU9HJ;
				INFOPLIST_FILE = SourceryTestTests/Info.plist;
				IPHONEOS_DEPLOYMENT_TARGET = 14.0;
				LD_RUNPATH_SEARCH_PATHS = (
					"$(inherited)",
					"@executable_path/Frameworks",
					"@loader_path/Frameworks",
				);
				PRODUCT_BUNDLE_IDENTIFIER = James.SourceryTestTests;
				PRODUCT_NAME = "$(TARGET_NAME)";
				SWIFT_VERSION = 5.0;
				TARGETED_DEVICE_FAMILY = "1,2";
				TEST_HOST = "$(BUILT_PRODUCTS_DIR)/SourceryTest.app/SourceryTest";
			};
			name = Release;
		};
		1A29BB3F25445EAF0065C95B /* Debug */ = {
			isa = XCBuildConfiguration;
			buildSettings = {
				ALWAYS_EMBED_SWIFT_STANDARD_LIBRARIES = YES;
				CODE_SIGN_STYLE = Automatic;
				DEVELOPMENT_TEAM = VKFDYMU9HJ;
				INFOPLIST_FILE = SourceryTestUITests/Info.plist;
				LD_RUNPATH_SEARCH_PATHS = (
					"$(inherited)",
					"@executable_path/Frameworks",
					"@loader_path/Frameworks",
				);
				PRODUCT_BUNDLE_IDENTIFIER = James.SourceryTestUITests;
				PRODUCT_NAME = "$(TARGET_NAME)";
				SWIFT_VERSION = 5.0;
				TARGETED_DEVICE_FAMILY = "1,2";
				TEST_TARGET_NAME = SourceryTest;
			};
			name = Debug;
		};
		1A29BB4025445EAF0065C95B /* Release */ = {
			isa = XCBuildConfiguration;
			buildSettings = {
				ALWAYS_EMBED_SWIFT_STANDARD_LIBRARIES = YES;
				CODE_SIGN_STYLE = Automatic;
				DEVELOPMENT_TEAM = VKFDYMU9HJ;
				INFOPLIST_FILE = SourceryTestUITests/Info.plist;
				LD_RUNPATH_SEARCH_PATHS = (
					"$(inherited)",
					"@executable_path/Frameworks",
					"@loader_path/Frameworks",
				);
				PRODUCT_BUNDLE_IDENTIFIER = James.SourceryTestUITests;
				PRODUCT_NAME = "$(TARGET_NAME)";
				SWIFT_VERSION = 5.0;
				TARGETED_DEVICE_FAMILY = "1,2";
				TEST_TARGET_NAME = SourceryTest;
			};
			name = Release;
		};
/* End XCBuildConfiguration section */

/* Begin XCConfigurationList section */
		1A29BB0E25445EAD0065C95B /* Build configuration list for PBXProject "SourceryTest" */ = {
			isa = XCConfigurationList;
			buildConfigurations = (
				1A29BB3625445EAF0065C95B /* Debug */,
				1A29BB3725445EAF0065C95B /* Release */,
			);
			defaultConfigurationIsVisible = 0;
			defaultConfigurationName = Release;
		};
		1A29BB3825445EAF0065C95B /* Build configuration list for PBXNativeTarget "SourceryTest" */ = {
			isa = XCConfigurationList;
			buildConfigurations = (
				1A29BB3925445EAF0065C95B /* Debug */,
				1A29BB3A25445EAF0065C95B /* Release */,
			);
			defaultConfigurationIsVisible = 0;
			defaultConfigurationName = Release;
		};
		1A29BB3B25445EAF0065C95B /* Build configuration list for PBXNativeTarget "SourceryTestTests" */ = {
			isa = XCConfigurationList;
			buildConfigurations = (
				1A29BB3C25445EAF0065C95B /* Debug */,
				1A29BB3D25445EAF0065C95B /* Release */,
			);
			defaultConfigurationIsVisible = 0;
			defaultConfigurationName = Release;
		};
		1A29BB3E25445EAF0065C95B /* Build configuration list for PBXNativeTarget "SourceryTestUITests" */ = {
			isa = XCConfigurationList;
			buildConfigurations = (
				1A29BB3F25445EAF0065C95B /* Debug */,
				1A29BB4025445EAF0065C95B /* Release */,
			);
			defaultConfigurationIsVisible = 0;
			defaultConfigurationName = Release;
		};
/* End XCConfigurationList section */
	};
	rootObject = 1A29BB0B25445EAD0065C95B /* Project object */;
}
